
Microsoft Visual Studio Solution File, Format Version 12.00
# Visual Studio 15
VisualStudioVersion = 15.0.27428.2037
MinimumVisualStudioVersion = 10.0.40219.1
Project("{FAE04EC0-301F-11D3-BF4B-00C04F79EFBC}") = "MessageBoardBackend", "MessageBoardBackend\MessageBoardBackend.csproj", "{39896399-9AC1-4A85-8C26-CA01F55087CB}"
EndProject
Global
	GlobalSection(SolutionConfigurationPlatforms) = preSolution
		Debug|Any CPU = Debug|Any CPU
		Release|Any CPU = Release|Any CPU
	EndGlobalSection
	GlobalSection(ProjectConfigurationPlatforms) = postSolution
		{39896399-9AC1-4A85-8C26-CA01F55087CB}.Debug|Any CPU.ActiveCfg = Debug|Any CPU
		{39896399-9AC1-4A85-8C26-CA01F55087CB}.Debug|Any CPU.Build.0 = Debug|Any CPU
		{39896399-9AC1-4A85-8C26-CA01F55087CB}.Release|Any CPU.ActiveCfg = Release|Any CPU
		{39896399-9AC1-4A85-8C26-CA01F55087CB}.Release|Any CPU.Build.0 = Release|Any CPU
	EndGlobalSection
	GlobalSection(SolutionProperties) = preSolution
		HideSolutionNode = FALSE
	EndGlobalSection
	GlobalSection(ExtensibilityGlobals) = postSolution
		SolutionGuid = {CD707695-5DDA-4665-AD48-69224FADCFB2}
	EndGlobalSection
EndGlobal
